// !$*UTF8*$!
{
	archiveVersion = 1;
	classes = {
	};
	objectVersion = 46;
	objects = {

/* Begin PBXBuildFile section */
		6BAA93F4151B622000CDF4A2 /* UIKit.framework in Frameworks */ = {isa = PBXBuildFile; fileRef = 6BAA93F3151B622000CDF4A2 /* UIKit.framework */; };
		6BAA93F6151B622000CDF4A2 /* Foundation.framework in Frameworks */ = {isa = PBXBuildFile; fileRef = 6BAA93F5151B622000CDF4A2 /* Foundation.framework */; };
		6BAA93F8151B622000CDF4A2 /* CoreGraphics.framework in Frameworks */ = {isa = PBXBuildFile; fileRef = 6BAA93F7151B622000CDF4A2 /* CoreGraphics.framework */; };
		6BAA93FE151B622000CDF4A2 /* InfoPlist.strings in Resources */ = {isa = PBXBuildFile; fileRef = 6BAA93FC151B622000CDF4A2 /* InfoPlist.strings */; };
		6BAA9401151B622000CDF4A2 /* main.m in Sources */ = {isa = PBXBuildFile; fileRef = 6BAA9400151B622000CDF4A2 /* main.m */; };
		6BAA9404151B622000CDF4A2 /* HeatmapAppDelegate.m in Sources */ = {isa = PBXBuildFile; fileRef = 6BAA9403151B622000CDF4A2 /* HeatmapAppDelegate.m */; };
		6BAA9407151B622000CDF4A2 /* MainWindow.xib in Resources */ = {isa = PBXBuildFile; fileRef = 6BAA9405151B622000CDF4A2 /* MainWindow.xib */; };
		6BAA940A151B622000CDF4A2 /* HeatmapViewController.m in Sources */ = {isa = PBXBuildFile; fileRef = 6BAA9409151B622000CDF4A2 /* HeatmapViewController.m */; };
		6BAA940D151B622000CDF4A2 /* HeatmapViewController.xib in Resources */ = {isa = PBXBuildFile; fileRef = 6BAA940B151B622000CDF4A2 /* HeatmapViewController.xib */; };
/* End PBXBuildFile section */

/* Begin PBXFileReference section */
		6BAA93EF151B622000CDF4A2 /* Heatmap.app */ = {isa = PBXFileReference; explicitFileType = wrapper.application; includeInIndex = 0; path = Heatmap.app; sourceTree = BUILT_PRODUCTS_DIR; };
		6BAA93F3151B622000CDF4A2 /* UIKit.framework */ = {isa = PBXFileReference; lastKnownFileType = wrapper.framework; name = UIKit.framework; path = System/Library/Frameworks/UIKit.framework; sourceTree = SDKROOT; };
		6BAA93F5151B622000CDF4A2 /* Foundation.framework */ = {isa = PBXFileReference; lastKnownFileType = wrapper.framework; name = Foundation.framework; path = System/Library/Frameworks/Foundation.framework; sourceTree = SDKROOT; };
		6BAA93F7151B622000CDF4A2 /* CoreGraphics.framework */ = {isa = PBXFileReference; lastKnownFileType = wrapper.framework; name = CoreGraphics.framework; path = System/Library/Frameworks/CoreGraphics.framework; sourceTree = SDKROOT; };
		6BAA93FB151B622000CDF4A2 /* Heatmap-Info.plist */ = {isa = PBXFileReference; path = "Heatmap-Info.plist"; sourceTree = "<group>"; };
		6BAA93FD151B622000CDF4A2 /* en */ = {isa = PBXFileReference; lastKnownFileType = text.plist.strings; name = en; path = en.lproj/InfoPlist.strings; sourceTree = "<group>"; };
		6BAA93FF151B622000CDF4A2 /* Heatmap-Prefix.pch */ = {isa = PBXFileReference; path = "Heatmap-Prefix.pch"; sourceTree = "<group>"; };
		6BAA9400151B622000CDF4A2 /* main.m */ = {isa = PBXFileReference; lastKnownFileType = sourcecode.c.objc; path = main.m; sourceTree = "<group>"; };
		6BAA9402151B622000CDF4A2 /* HeatmapAppDelegate.h */ = {isa = PBXFileReference; path = HeatmapAppDelegate.h; sourceTree = "<group>"; };
		6BAA9403151B622000CDF4A2 /* HeatmapAppDelegate.m */ = {isa = PBXFileReference; lastKnownFileType = sourcecode.c.objc; path = HeatmapAppDelegate.m; sourceTree = "<group>"; };
		6BAA9406151B622000CDF4A2 /* en */ = {isa = PBXFileReference; lastKnownFileType = file.xib; name = en; path = en.lproj/MainWindow.xib; sourceTree = "<group>"; };
		6BAA9408151B622000CDF4A2 /* HeatmapViewController.h */ = {isa = PBXFileReference; path = HeatmapViewController.h; sourceTree = "<group>"; };
		6BAA9409151B622000CDF4A2 /* HeatmapViewController.m */ = {isa = PBXFileReference; lastKnownFileType = sourcecode.c.objc; path = HeatmapViewController.m; sourceTree = "<group>"; };
		6BAA940C151B622000CDF4A2 /* en */ = {isa = PBXFileReference; lastKnownFileType = file.xib; name = en; path = en.lproj/HeatmapViewController.xib; sourceTree = "<group>"; };
/* End PBXFileReference section */

/* Begin PBXFrameworksBuildPhase section */
		6BAA93EC151B622000CDF4A2 /* Frameworks */ = {
			isa = PBXFrameworksBuildPhase;
			buildActionMask = 2147483647;
			files = (
				6BAA93F4151B622000CDF4A2 /* UIKit.framework in Frameworks */,
				6BAA93F6151B622000CDF4A2 /* Foundation.framework in Frameworks */,
				6BAA93F8151B622000CDF4A2 /* CoreGraphics.framework in Frameworks */,
			);
			runOnlyForDeploymentPostprocessing = 0;
		};
/* End PBXFrameworksBuildPhase section */

/* Begin PBXGroup section */
		6BAA93E4151B622000CDF4A2 = {
			isa = PBXGroup;
			children = (
				6BAA93F9151B622000CDF4A2 /* Heatmap */,
				6BAA93F2151B622000CDF4A2 /* Frameworks */,
				6BAA93F0151B622000CDF4A2 /* Products */,
			);
			sourceTree = "<group>";
		};
		6BAA93F0151B622000CDF4A2 /* Products */ = {
			isa = PBXGroup;
			children = (
				6BAA93EF151B622000CDF4A2 /* Heatmap.app */,
			);
			name = Products;
			sourceTree = "<group>";
		};
		6BAA93F2151B622000CDF4A2 /* Frameworks */ = {
			isa = PBXGroup;
			children = (
				6BAA93F3151B622000CDF4A2 /* UIKit.framework */,
				6BAA93F5151B622000CDF4A2 /* Foundation.framework */,
				6BAA93F7151B622000CDF4A2 /* CoreGraphics.framework */,
			);
			name = Frameworks;
			sourceTree = "<group>";
		};
		6BAA93F9151B622000CDF4A2 /* Heatmap */ = {
			isa = PBXGroup;
			children = (
				6BAA9402151B622000CDF4A2 /* HeatmapAppDelegate.h */,
				6BAA9403151B622000CDF4A2 /* HeatmapAppDelegate.m */,
				6BAA9405151B622000CDF4A2 /* MainWindow.xib */,
				6BAA9408151B622000CDF4A2 /* HeatmapViewController.h */,
				6BAA9409151B622000CDF4A2 /* HeatmapViewController.m */,
				6BAA940B151B622000CDF4A2 /* HeatmapViewController.xib */,
				6BAA93FA151B622000CDF4A2 /* Supporting Files */,
			);
			path = Heatmap;
			sourceTree = "<group>";
		};
		6BAA93FA151B622000CDF4A2 /* Supporting Files */ = {
			isa = PBXGroup;
			children = (
				6BAA93FB151B622000CDF4A2 /* Heatmap-Info.plist */,
				6BAA93FC151B622000CDF4A2 /* InfoPlist.strings */,
				6BAA93FF151B622000CDF4A2 /* Heatmap-Prefix.pch */,
				6BAA9400151B622000CDF4A2 /* main.m */,
			);
			name = "Supporting Files";
			sourceTree = "<group>";
		};
/* End PBXGroup section */

/* Begin PBXNativeTarget section */
		6BAA93EE151B622000CDF4A2 /* Heatmap */ = {
			isa = PBXNativeTarget;
			buildConfigurationList = 6BAA9410151B622000CDF4A2 /* Build configuration list for PBXNativeTarget "Heatmap" */;
			buildPhases = (
				6BAA93EB151B622000CDF4A2 /* Sources */,
				6BAA93EC151B622000CDF4A2 /* Frameworks */,
				6BAA93ED151B622000CDF4A2 /* Resources */,
			);
			buildRules = (
			);
			dependencies = (
			);
			name = Heatmap;
			productName = Heatmap;
			productReference = 6BAA93EF151B622000CDF4A2 /* Heatmap.app */;
			productType = "com.apple.product-type.application";
		};
/* End PBXNativeTarget section */

/* Begin PBXProject section */
		6BAA93E6151B622000CDF4A2 /* Project object */ = {
			isa = PBXProject;
			buildConfigurationList = 6BAA93E9151B622000CDF4A2 /* Build configuration list for PBXProject "Heatmap" */;
			compatibilityVersion = "Xcode 3.2";
			developmentRegion = English;
			hasScannedForEncodings = 0;
			knownRegions = (
				en,
			);
			mainGroup = 6BAA93E4151B622000CDF4A2;
			productRefGroup = 6BAA93F0151B622000CDF4A2 /* Products */;
			projectDirPath = "";
			projectRoot = "";
			targets = (
				6BAA93EE151B622000CDF4A2 /* Heatmap */,
			);
		};
/* End PBXProject section */

/* Begin PBXResourcesBuildPhase section */
		6BAA93ED151B622000CDF4A2 /* Resources */ = {
			isa = PBXResourcesBuildPhase;
			buildActionMask = 2147483647;
			files = (
				6BAA93FE151B622000CDF4A2 /* InfoPlist.strings in Resources */,
				6BAA9407151B622000CDF4A2 /* MainWindow.xib in Resources */,
				6BAA940D151B622000CDF4A2 /* HeatmapViewController.xib in Resources */,
			);
			runOnlyForDeploymentPostprocessing = 0;
		};
/* End PBXResourcesBuildPhase section */

/* Begin PBXSourcesBuildPhase section */
		6BAA93EB151B622000CDF4A2 /* Sources */ = {
			isa = PBXSourcesBuildPhase;
			buildActionMask = 2147483647;
			files = (
				6BAA9401151B622000CDF4A2 /* main.m in Sources */,
				6BAA9404151B622000CDF4A2 /* HeatmapAppDelegate.m in Sources */,
				6BAA940A151B622000CDF4A2 /* HeatmapViewController.m in Sources */,
			);
			runOnlyForDeploymentPostprocessing = 0;
		};
/* End PBXSourcesBuildPhase section */

/* Begin PBXVariantGroup section */
		6BAA93FC151B622000CDF4A2 /* InfoPlist.strings */ = {
			isa = PBXVariantGroup;
			children = (
				6BAA93FD151B622000CDF4A2 /* en */,
			);
			name = InfoPlist.strings;
			sourceTree = "<group>";
		};
		6BAA9405151B622000CDF4A2 /* MainWindow.xib */ = {
			isa = PBXVariantGroup;
			children = (
				6BAA9406151B622000CDF4A2 /* en */,
			);
			name = MainWindow.xib;
			sourceTree = "<group>";
		};
		6BAA940B151B622000CDF4A2 /* HeatmapViewController.xib */ = {
			isa = PBXVariantGroup;
			children = (
				6BAA940C151B622000CDF4A2 /* en */,
			);
			name = HeatmapViewController.xib;
			sourceTree = "<group>";
		};
/* End PBXVariantGroup section */

/* Begin XCBuildConfiguration section */
		6BAA940E151B622000CDF4A2 /* Debug */ = {
			isa = XCBuildConfiguration;
			buildSettings = {
				ARCHS = "$(ARCHS_UNIVERSAL_IPHONE_OS)";
				"CODE_SIGN_IDENTITY[sdk=iphoneos*]" = "iPhone Developer";
				GCC_C_LANGUAGE_STANDARD = gnu99;
				GCC_OPTIMIZATION_LEVEL = 0;
				GCC_PREPROCESSOR_DEFINITIONS = DEBUG;
				GCC_SYMBOLS_PRIVATE_EXTERN = NO;
				GCC_VERSION = com.apple.compilers.llvmgcc42;
				GCC_WARN_ABOUT_RETURN_TYPE = YES;
				GCC_WARN_UNUSED_VARIABLE = YES;
				IPHONEOS_DEPLOYMENT_TARGET = 4.3;
				SDKROOT = iphoneos;
				TARGETED_DEVICE_FAMILY = 2;
			};
			name = Debug;
		};
		6BAA940F151B622000CDF4A2 /* Release */ = {
			isa = XCBuildConfiguration;
			buildSettings = {
				ARCHS = "$(ARCHS_UNIVERSAL_IPHONE_OS)";
				"CODE_SIGN_IDENTITY[sdk=iphoneos*]" = "iPhone Developer";
				GCC_C_LANGUAGE_STANDARD = gnu99;
				GCC_VERSION = com.apple.compilers.llvmgcc42;
				GCC_WARN_ABOUT_RETURN_TYPE = YES;
				GCC_WARN_UNUSED_VARIABLE = YES;
				IPHONEOS_DEPLOYMENT_TARGET = 4.3;
				OTHER_CFLAGS = "-DNS_BLOCK_ASSERTIONS=1";
				SDKROOT = iphoneos;
				TARGETED_DEVICE_FAMILY = 2;
			};
			name = Release;
		};
		6BAA9411151B622000CDF4A2 /* Debug */ = {
			isa = XCBuildConfiguration;
			buildSettings = {
				ALWAYS_SEARCH_USER_PATHS = NO;
				COPY_PHASE_STRIP = NO;
				GCC_DYNAMIC_NO_PIC = NO;
				GCC_PRECOMPILE_PREFIX_HEADER = YES;
				GCC_PREFIX_HEADER = "Heatmap/Heatmap-Prefix.pch";
				INFOPLIST_FILE = "Heatmap/Heatmap-Info.plist";
				PRODUCT_NAME = "$(TARGET_NAME)";
				WRAPPER_EXTENSION = app;
			};
			name = Debug;
		};
		6BAA9412151B622000CDF4A2 /* Release */ = {
			isa = XCBuildConfiguration;
			buildSettings = {
				ALWAYS_SEARCH_USER_PATHS = NO;
				COPY_PHASE_STRIP = YES;
				GCC_PRECOMPILE_PREFIX_HEADER = YES;
				GCC_PREFIX_HEADER = "Heatmap/Heatmap-Prefix.pch";
				INFOPLIST_FILE = "Heatmap/Heatmap-Info.plist";
				PRODUCT_NAME = "$(TARGET_NAME)";
				VALIDATE_PRODUCT = YES;
				WRAPPER_EXTENSION = app;
			};
			name = Release;
		};
/* End XCBuildConfiguration section */

/* Begin XCConfigurationList section */
		6BAA93E9151B622000CDF4A2 /* Build configuration list for PBXProject "Heatmap" */ = {
			isa = XCConfigurationList;
			buildConfigurations = (
				6BAA940E151B622000CDF4A2 /* Debug */,
				6BAA940F151B622000CDF4A2 /* Release */,
			);
			defaultConfigurationIsVisible = 0;
			defaultConfigurationName = Release;
		};
		6BAA9410151B622000CDF4A2 /* Build configuration list for PBXNativeTarget "Heatmap" */ = {
			isa = XCConfigurationList;
			buildConfigurations = (
				6BAA9411151B622000CDF4A2 /* Debug */,
				6BAA9412151B622000CDF4A2 /* Release */,
			);
			defaultConfigurationIsVisible = 0;
		};
/* End XCConfigurationList section */
	};
	rootObject = 6BAA93E6151B622000CDF4A2 /* Project object */;
}
